# This file was autogenerated by Stack.
# You should not edit this file by hand.
# For more information, please see the documentation at:
#   https://docs.haskellstack.org/en/stable/lock_files

packages:
- completed:
    hackage: hip-1.5.6.0@sha256:296c55622f62485422c0a593c7306af1a5abf8ba9f866dcdffc281b01eba65d7,6988
    pantry-tree:
      sha256: d79395e6ec9caf1132a7e001f6fe9b8ebada31e0e52087a4a1a971e3f295a7f4
      size: 7456
  original:
    hackage: hip-1.5.6.0
- completed:
    hackage: Chart-diagrams-1.9.4@sha256:c04a6f1005aac1d5cdbba9d835cac302e9de4033314c2253a4c4f3b69c5afb4b,1762
    pantry-tree:
      sha256: b9f9857880bbc3b0411ad65ba43655045dd7d8ef3218406b0af096df9876492c
      size: 934
  original:
    hackage: Chart-diagrams-1.9.4@sha256:c04a6f1005aac1d5cdbba9d835cac302e9de4033314c2253a4c4f3b69c5afb4b,1762
- completed:
    hackage: repa-3.4.1.5@sha256:4d94845e66d668345130f75f5de8f7c69139b91495c8c4b5a825014e8985e2fd,3562
    pantry-tree:
      sha256: 1bb5ad1decd581b0d44b0e05cbdef5eb7967cdd80da481a06c3aab73e16087b9
      size: 2965
  original:
    hackage: repa-3.4.1.5@sha256:4d94845e66d668345130f75f5de8f7c69139b91495c8c4b5a825014e8985e2fd,3562
- completed:
    hackage: SVGFonts-1.8.0.1@sha256:66a29cebd825bdac6ed1da83bd3a310ba6e8db5d63d6511015d644b9a8ec48b8,3019
    pantry-tree:
      sha256: 51fbfeff7f01beeaba78985d9416b579f72f29aa266c1af7fe0d09bde0850266
      size: 1506
  original:
    hackage: SVGFonts-1.8.0.1@sha256:66a29cebd825bdac6ed1da83bd3a310ba6e8db5d63d6511015d644b9a8ec48b8,3019
- completed:
    hackage: diagrams-core-1.5.0.1@sha256:1ae7c35c61da6acc4f0cba6ac9457da9b507ae95456512e76a7cc109003cb0c0,2899
    pantry-tree:
      sha256: 470a27b87368cf78bafe9f4852d574bb8be20938b166f23fc885cb701cfe5725
      size: 2018
  original:
    hackage: diagrams-core-1.5.0.1@sha256:1ae7c35c61da6acc4f0cba6ac9457da9b507ae95456512e76a7cc109003cb0c0,2899
- completed:
    hackage: diagrams-lib-1.4.5.3@sha256:3254bde663b2ba9b24dc9b208d2955fe8d3d944d3c8c81df3990b696a72c5a13,8242
    pantry-tree:
      sha256: 028b923ef51ff6af4cea051f517d5af71e46bd64553ad69170206a3486228e8f
      size: 11604
  original:
    hackage: diagrams-lib-1.4.5.3@sha256:3254bde663b2ba9b24dc9b208d2955fe8d3d944d3c8c81df3990b696a72c5a13,8242
- completed:
    hackage: diagrams-postscript-1.5.1@sha256:ef80dca9931d5e4086a80085fcffada2432399d8bf3b9704f8bdca8b0614c670,2395
    pantry-tree:
      sha256: 6d80b88e3e092509431afde33026db7f3cc85e24e105613735dfd06d273e0c53
      size: 480
  original:
    hackage: diagrams-postscript-1.5.1@sha256:ef80dca9931d5e4086a80085fcffada2432399d8bf3b9704f8bdca8b0614c670,2395
- completed:
    hackage: diagrams-svg-1.4.3.1@sha256:2060a54662caa103ec9ce9e132204892ffdc3843b71671556e9998ef929cd508,3128
    pantry-tree:
      sha256: 709e6941bfa311df138a4a8d7439e3d59731cb42036c67e6fe7f0fd96de612a7
      size: 475
  original:
    hackage: diagrams-svg-1.4.3.1@sha256:2060a54662caa103ec9ce9e132204892ffdc3843b71671556e9998ef929cd508,3128
- completed:
    hackage: svg-builder-0.1.1@sha256:5f44fc6623bf28b6067a5d619dbb9a78825d453266b6f02f69b1e5a03caaf9b2,1580
    pantry-tree:
      sha256: 69048d1e1c51a4aa6f760c3ca8b13851705c204b5b5a419d88c2733f76484577
      size: 535
  original:
    hackage: svg-builder-0.1.1@sha256:5f44fc6623bf28b6067a5d619dbb9a78825d453266b6f02f69b1e5a03caaf9b2,1580
- completed:
    hackage: active-0.2.0.16@sha256:0fc2d83741b9b09f9d3867d29b14d6f996aff1cec13810af1285788993b8b730,1788
    pantry-tree:
      sha256: ca6c7ed0c96b118e5d9bf67454eea4d0ea2d3a11d17a5f678489dfe846644f05
      size: 1017
  original:
    hackage: active-0.2.0.16@sha256:0fc2d83741b9b09f9d3867d29b14d6f996aff1cec13810af1285788993b8b730,1788
- completed:
    hackage: dual-tree-0.2.3.1@sha256:fdae62646fb4383a49b2d30862bb0824a06114b81fc74b65f3246c6ceb096006,2758
    pantry-tree:
      sha256: ba51993029abbd83d2208f3a2f95686295ca50361e7df1461e8d477f2918953e
      size: 387
  original:
    hackage: dual-tree-0.2.3.1@sha256:fdae62646fb4383a49b2d30862bb0824a06114b81fc74b65f3246c6ceb096006,2758
- completed:
    hackage: fsnotify-0.4.1.0@sha256:44540beabea36aeeef930aa4d5f28091d431904bc9923b6ac4d358831c651235,2854
    pantry-tree:
      sha256: f8e89e81fe0ca6e285036e04b165119ccfc59e7e668c1bfc28927f39062c5949
      size: 1280
  original:
    hackage: fsnotify-0.4.1.0@sha256:44540beabea36aeeef930aa4d5f28091d431904bc9923b6ac4d358831c651235,2854
- completed:
    hackage: lens-5.2@sha256:06029d80a926c466ae7e59e7e41f114e1f437526f776d022a8d0e19a6dc14576,14519
    pantry-tree:
      sha256: 4f7471aa8889560765270704888f0294339cff4b9393e4a9f1603a655e85f28b
      size: 8214
  original:
    hackage: lens-5.2@sha256:06029d80a926c466ae7e59e7e41f114e1f437526f776d022a8d0e19a6dc14576,14519
- completed:
    hackage: monoid-extras-0.6.1@sha256:03141a1513274a0618fccf9aac34923d3cef64b23df716d86d0decd50efeeb13,2284
    pantry-tree:
      sha256: 12de9527adfb564a9c61212e432fc536700a06d19948af41ef05b761f62d6053
      size: 1187
  original:
    hackage: monoid-extras-0.6.1@sha256:03141a1513274a0618fccf9aac34923d3cef64b23df716d86d0decd50efeeb13,2284
- completed:
    hackage: statestack-0.3.1@sha256:88d630aa2556ca699f6c96625e81973cf0e6ea6384e3c7f9c59f69fd8f4e7daf,1098
    pantry-tree:
      sha256: c97938704103fe9371b9f629cbfac9442687685524755926cec1bc44059de9d4
      size: 273
  original:
    hackage: statestack-0.3.1@sha256:88d630aa2556ca699f6c96625e81973cf0e6ea6384e3c7f9c59f69fd8f4e7daf,1098
snapshots:
- completed:
    sha256: 428ec8d5ce932190d3cbe266b9eb3c175cd81e984babf876b64019e2cbe4ea68
    size: 590100
    url: https://raw.githubusercontent.com/commercialhaskell/stackage-snapshots/master/lts/18/28.yaml
  original:
    url: https://raw.githubusercontent.com/commercialhaskell/stackage-snapshots/master/lts/18/28.yaml
